
Microsoft Visual Studio Solution File, Format Version 12.00
# Visual Studio Version 17
VisualStudioVersion = 17.2.32616.157
MinimumVisualStudioVersion = 10.0.40219.1
Project("{FAE04EC0-301F-11D3-BF4B-00C04F79EFBC}") = "HotelAPI", "HotelAPI\HotelAPI.csproj", "{4CF7EA3B-0CBF-4360-8693-4F275A302A48}"
EndProject
Global
	GlobalSection(SolutionConfigurationPlatforms) = preSolution
		Debug|Any CPU = Debug|Any CPU
		Release|Any CPU = Release|Any CPU
	EndGlobalSection
	GlobalSection(ProjectConfigurationPlatforms) = postSolution
		{4CF7EA3B-0CBF-4360-8693-4F275A302A48}.Debug|Any CPU.ActiveCfg = Debug|Any CPU
		{4CF7EA3B-0CBF-4360-8693-4F275A302A48}.Debug|Any CPU.Build.0 = Debug|Any CPU
		{4CF7EA3B-0CBF-4360-8693-4F275A302A48}.Release|Any CPU.ActiveCfg = Release|Any CPU
		{4CF7EA3B-0CBF-4360-8693-4F275A302A48}.Release|Any CPU.Build.0 = Release|Any CPU
	EndGlobalSection
	GlobalSection(SolutionProperties) = preSolution
		HideSolutionNode = FALSE
	EndGlobalSection
	GlobalSection(ExtensibilityGlobals) = postSolution
		SolutionGuid = {9EB8B455-C5D4-40C2-BC9C-405A637BF158}
	EndGlobalSection
EndGlobal
